
Microsoft Visual Studio Solution File, Format Version 12.00
# Visual Studio Version 16
VisualStudioVersion = 16.0.30406.217
MinimumVisualStudioVersion = 10.0.40219.1
Project("{FAE04EC0-301F-11D3-BF4B-00C04F79EFBC}") = "TP1", "TP1.csproj", "{8B8BC9C3-0C92-4456-9CF3-6E849DCAC09C}"
EndProject
Global
	GlobalSection(SolutionConfigurationPlatforms) = preSolution
		Debug|Any CPU = Debug|Any CPU
		Release|Any CPU = Release|Any CPU
	EndGlobalSection
	GlobalSection(ProjectConfigurationPlatforms) = postSolution
		{8B8BC9C3-0C92-4456-9CF3-6E849DCAC09C}.Debug|Any CPU.ActiveCfg = Debug|Any CPU
		{8B8BC9C3-0C92-4456-9CF3-6E849DCAC09C}.Debug|Any CPU.Build.0 = Debug|Any CPU
		{8B8BC9C3-0C92-4456-9CF3-6E849DCAC09C}.Release|Any CPU.ActiveCfg = Release|Any CPU
		{8B8BC9C3-0C92-4456-9CF3-6E849DCAC09C}.Release|Any CPU.Build.0 = Release|Any CPU
	EndGlobalSection
	GlobalSection(SolutionProperties) = preSolution
		HideSolutionNode = FALSE
	EndGlobalSection
	GlobalSection(ExtensibilityGlobals) = postSolution
		SolutionGuid = {198235A8-ACB3-4D28-9272-E1DD82A71EE3}
	EndGlobalSection
EndGlobal
